
Microsoft Visual Studio Solution File, Format Version 12.00
# Visual Studio 14
VisualStudioVersion = 14.0.23107.0
MinimumVisualStudioVersion = 10.0.40219.1
Project("{2150E333-8FDC-42A3-9474-1A3956D46DE8}") = "Solution Items", "Solution Items", "{18479F0C-BB4B-4FDF-80A5-1BBD7BE64C13}"
	ProjectSection(SolutionItems) = preProject
		Shared\Help.xml = Shared\Help.xml
		HotDocs.Sdk.vsmdi = HotDocs.Sdk.vsmdi
		Local.testsettings = Local.testsettings
		TraceAndTestImpact.testsettings = TraceAndTestImpact.testsettings
	EndProjectSection
EndProject
Project("{FAE04EC0-301F-11D3-BF4B-00C04F79EFBC}") = "HotDocs.Sdk", "HotDocs.Sdk\HotDocs.Sdk.csproj", "{ACCCCF7A-E7C7-4730-90E8-1122AB01C4BD}"
EndProject
Project("{FAE04EC0-301F-11D3-BF4B-00C04F79EFBC}") = "HotDocs.Sdk.Server", "HotDocs.Sdk.Server\HotDocs.Sdk.Server.csproj", "{27B46F42-8009-4084-BE76-781FA4242FD2}"
EndProject
Project("{FAE04EC0-301F-11D3-BF4B-00C04F79EFBC}") = "HotDocs.Sdk.Server.Contracts", "HotDocs.Sdk.Server.Contracts\HotDocs.Sdk.Server.Contracts.csproj", "{674CC9E2-6C1A-4506-89C6-A541B1920AE5}"
EndProject
Project("{FAE04EC0-301F-11D3-BF4B-00C04F79EFBC}") = "HotDocs.SdkTest", "HotDocs.SdkTest\HotDocs.SdkTest.csproj", "{2C9CDF25-697D-4324-85D8-C09F67E99C67}"
EndProject
Project("{E24C65DC-7377-472B-9ABA-BC803B73C61A}") = "WebApp", "SamplePortal\WebApp\", "{02D79128-FB75-408F-8464-3DCE42A500DE}"
	ProjectSection(WebsiteProperties) = preProject
		SccProjectName = ""
		SccAuxPath = ""
		SccLocalPath = ""
		SccProvider = ""
		TargetFrameworkMoniker = ".NETFramework,Version%3Dv4.0"
		ProjectReferences = "{27B46F42-8009-4084-BE76-781FA4242FD2}|HotDocs.Sdk.Server.dll;{ACCCCF7A-E7C7-4730-90E8-1122AB01C4BD}|HotDocs.Sdk.dll;{4E902DF4-0F10-49CB-ADEF-04E3D27BAC73}|HotDocs.Sdk.DataServices.dll;{674CC9E2-6C1A-4506-89C6-A541B1920AE5}|HotDocs.Sdk.Server.Contracts.dll;{6FED07CD-D7AF-4243-B442-865A413940DC}|HotDocs.Sdk.Cloud.dll;"
		Debug.AspNetCompiler.VirtualPath = "/WebApp"
		Debug.AspNetCompiler.PhysicalPath = "SamplePortal\WebApp\"
		Debug.AspNetCompiler.TargetPath = "PrecompiledWeb\WebApp\"
		Debug.AspNetCompiler.Updateable = "true"
		Debug.AspNetCompiler.ForceOverwrite = "true"
		Debug.AspNetCompiler.FixedNames = "false"
		Debug.AspNetCompiler.Debug = "True"
		Release.AspNetCompiler.VirtualPath = "/WebApp"
		Release.AspNetCompiler.PhysicalPath = "SamplePortal\WebApp\"
		Release.AspNetCompiler.TargetPath = "PrecompiledWeb\WebApp\"
		Release.AspNetCompiler.Updateable = "true"
		Release.AspNetCompiler.ForceOverwrite = "true"
		Release.AspNetCompiler.FixedNames = "false"
		Release.AspNetCompiler.Debug = "False"
		VWDPort = "62265"
		SlnRelativePath = "SamplePortal\WebApp\"
	EndProjectSection
EndProject
Project("{FAE04EC0-301F-11D3-BF4B-00C04F79EFBC}") = "HotDocs.Sdk.DataServices", "HotDocs.Sdk.DataServices\HotDocs.Sdk.DataServices.csproj", "{4E902DF4-0F10-49CB-ADEF-04E3D27BAC73}"
EndProject
Project("{FAE04EC0-301F-11D3-BF4B-00C04F79EFBC}") = "HotDocs.Sdk.ServerTest", "HotDocs.Sdk.ServerTest\HotDocs.Sdk.ServerTest.csproj", "{B0B66E17-8ECF-44E4-9A56-9A03FB2AB178}"
EndProject
Project("{FAE04EC0-301F-11D3-BF4B-00C04F79EFBC}") = "HotDocs.Sdk.Cloud", "HotDocs.Sdk.Cloud\HotDocs.Sdk.Cloud.csproj", "{6FED07CD-D7AF-4243-B442-865A413940DC}"
EndProject
Project("{7CF6DF6D-3B04-46F8-A40B-537D21BCA0B4}") = "Help", "Help\Help.shfbproj", "{FA44D8E5-401C-4CBB-966C-26B0B040ACA2}"
	ProjectSection(ProjectDependencies) = postProject
		{27B46F42-8009-4084-BE76-781FA4242FD2} = {27B46F42-8009-4084-BE76-781FA4242FD2}
		{ACCCCF7A-E7C7-4730-90E8-1122AB01C4BD} = {ACCCCF7A-E7C7-4730-90E8-1122AB01C4BD}
		{6FED07CD-D7AF-4243-B442-865A413940DC} = {6FED07CD-D7AF-4243-B442-865A413940DC}
		{674CC9E2-6C1A-4506-89C6-A541B1920AE5} = {674CC9E2-6C1A-4506-89C6-A541B1920AE5}
		{4E902DF4-0F10-49CB-ADEF-04E3D27BAC73} = {4E902DF4-0F10-49CB-ADEF-04E3D27BAC73}
	EndProjectSection
EndProject
Global
	GlobalSection(SolutionConfigurationPlatforms) = preSolution
		Debug|Any CPU = Debug|Any CPU
		Release|Any CPU = Release|Any CPU
	EndGlobalSection
	GlobalSection(ProjectConfigurationPlatforms) = postSolution
		{ACCCCF7A-E7C7-4730-90E8-1122AB01C4BD}.Debug|Any CPU.ActiveCfg = Debug|Any CPU
		{ACCCCF7A-E7C7-4730-90E8-1122AB01C4BD}.Debug|Any CPU.Build.0 = Debug|Any CPU
		{ACCCCF7A-E7C7-4730-90E8-1122AB01C4BD}.Release|Any CPU.ActiveCfg = Release|Any CPU
		{ACCCCF7A-E7C7-4730-90E8-1122AB01C4BD}.Release|Any CPU.Build.0 = Release|Any CPU
		{27B46F42-8009-4084-BE76-781FA4242FD2}.Debug|Any CPU.ActiveCfg = Debug|Any CPU
		{27B46F42-8009-4084-BE76-781FA4242FD2}.Debug|Any CPU.Build.0 = Debug|Any CPU
		{27B46F42-8009-4084-BE76-781FA4242FD2}.Release|Any CPU.ActiveCfg = Release|Any CPU
		{27B46F42-8009-4084-BE76-781FA4242FD2}.Release|Any CPU.Build.0 = Release|Any CPU
		{674CC9E2-6C1A-4506-89C6-A541B1920AE5}.Debug|Any CPU.ActiveCfg = Debug|Any CPU
		{674CC9E2-6C1A-4506-89C6-A541B1920AE5}.Debug|Any CPU.Build.0 = Debug|Any CPU
		{674CC9E2-6C1A-4506-89C6-A541B1920AE5}.Release|Any CPU.ActiveCfg = Release|Any CPU
		{674CC9E2-6C1A-4506-89C6-A541B1920AE5}.Release|Any CPU.Build.0 = Release|Any CPU
		{2C9CDF25-697D-4324-85D8-C09F67E99C67}.Debug|Any CPU.ActiveCfg = Debug|Any CPU
		{2C9CDF25-697D-4324-85D8-C09F67E99C67}.Debug|Any CPU.Build.0 = Debug|Any CPU
		{2C9CDF25-697D-4324-85D8-C09F67E99C67}.Release|Any CPU.ActiveCfg = Release|Any CPU
		{2C9CDF25-697D-4324-85D8-C09F67E99C67}.Release|Any CPU.Build.0 = Release|Any CPU
		{02D79128-FB75-408F-8464-3DCE42A500DE}.Debug|Any CPU.ActiveCfg = Debug|Any CPU
		{02D79128-FB75-408F-8464-3DCE42A500DE}.Debug|Any CPU.Build.0 = Debug|Any CPU
		{02D79128-FB75-408F-8464-3DCE42A500DE}.Release|Any CPU.ActiveCfg = Debug|Any CPU
		{02D79128-FB75-408F-8464-3DCE42A500DE}.Release|Any CPU.Build.0 = Debug|Any CPU
		{4E902DF4-0F10-49CB-ADEF-04E3D27BAC73}.Debug|Any CPU.ActiveCfg = Debug|Any CPU
		{4E902DF4-0F10-49CB-ADEF-04E3D27BAC73}.Debug|Any CPU.Build.0 = Debug|Any CPU
		{4E902DF4-0F10-49CB-ADEF-04E3D27BAC73}.Release|Any CPU.ActiveCfg = Release|Any CPU
		{4E902DF4-0F10-49CB-ADEF-04E3D27BAC73}.Release|Any CPU.Build.0 = Release|Any CPU
		{B0B66E17-8ECF-44E4-9A56-9A03FB2AB178}.Debug|Any CPU.ActiveCfg = Debug|Any CPU
		{B0B66E17-8ECF-44E4-9A56-9A03FB2AB178}.Debug|Any CPU.Build.0 = Debug|Any CPU
		{B0B66E17-8ECF-44E4-9A56-9A03FB2AB178}.Release|Any CPU.ActiveCfg = Release|Any CPU
		{B0B66E17-8ECF-44E4-9A56-9A03FB2AB178}.Release|Any CPU.Build.0 = Release|Any CPU
		{6FED07CD-D7AF-4243-B442-865A413940DC}.Debug|Any CPU.ActiveCfg = Debug|Any CPU
		{6FED07CD-D7AF-4243-B442-865A413940DC}.Debug|Any CPU.Build.0 = Debug|Any CPU
		{6FED07CD-D7AF-4243-B442-865A413940DC}.Release|Any CPU.ActiveCfg = Release|Any CPU
		{6FED07CD-D7AF-4243-B442-865A413940DC}.Release|Any CPU.Build.0 = Release|Any CPU
		{FA44D8E5-401C-4CBB-966C-26B0B040ACA2}.Debug|Any CPU.ActiveCfg = Debug|Any CPU
		{FA44D8E5-401C-4CBB-966C-26B0B040ACA2}.Release|Any CPU.ActiveCfg = Release|Any CPU
		{FA44D8E5-401C-4CBB-966C-26B0B040ACA2}.Release|Any CPU.Build.0 = Release|Any CPU
	EndGlobalSection
	GlobalSection(SolutionProperties) = preSolution
		HideSolutionNode = FALSE
	EndGlobalSection
	GlobalSection(TestCaseManagementSettings) = postSolution
		CategoryFile = HotDocs.Sdk.vsmdi
	EndGlobalSection
EndGlobal
